
Microsoft Visual Studio Solution File, Format Version 12.00
# Visual Studio Version 16
VisualStudioVersion = 16.0.31729.503
MinimumVisualStudioVersion = 10.0.40219.1
Project("{FAE04EC0-301F-11D3-BF4B-00C04F79EFBC}") = "WebApplication5", "WebApplication5.csproj", "{641DCAD9-DFC9-4B84-9671-3F1DD1ACC76A}"
EndProject
Global
	GlobalSection(SolutionConfigurationPlatforms) = preSolution
		Debug|Any CPU = Debug|Any CPU
		Release|Any CPU = Release|Any CPU
	EndGlobalSection
	GlobalSection(ProjectConfigurationPlatforms) = postSolution
		{641DCAD9-DFC9-4B84-9671-3F1DD1ACC76A}.Debug|Any CPU.ActiveCfg = Debug|Any CPU
		{641DCAD9-DFC9-4B84-9671-3F1DD1ACC76A}.Debug|Any CPU.Build.0 = Debug|Any CPU
		{641DCAD9-DFC9-4B84-9671-3F1DD1ACC76A}.Release|Any CPU.ActiveCfg = Release|Any CPU
		{641DCAD9-DFC9-4B84-9671-3F1DD1ACC76A}.Release|Any CPU.Build.0 = Release|Any CPU
	EndGlobalSection
	GlobalSection(SolutionProperties) = preSolution
		HideSolutionNode = FALSE
	EndGlobalSection
	GlobalSection(ExtensibilityGlobals) = postSolution
		SolutionGuid = {EE3F2BAE-BCF1-468F-B191-EBF95B50E3B1}
	EndGlobalSection
EndGlobal
